
Microsoft Visual Studio Solution File, Format Version 12.00
# Visual Studio 15
VisualStudioVersion = 15.0.28010.2016
MinimumVisualStudioVersion = 10.0.40219.1
Project("{FAE04EC0-301F-11D3-BF4B-00C04F79EFBC}") = "Eployees-Ivan-Petrov", "Eployees-Ivan-Petrov\Eployees-Ivan-Petrov.csproj", "{2A797316-2F28-45E4-8C29-C1EFAA8AAD53}"
EndProject
Global
	GlobalSection(SolutionConfigurationPlatforms) = preSolution
		Debug|Any CPU = Debug|Any CPU
		Release|Any CPU = Release|Any CPU
	EndGlobalSection
	GlobalSection(ProjectConfigurationPlatforms) = postSolution
		{2A797316-2F28-45E4-8C29-C1EFAA8AAD53}.Debug|Any CPU.ActiveCfg = Debug|Any CPU
		{2A797316-2F28-45E4-8C29-C1EFAA8AAD53}.Debug|Any CPU.Build.0 = Debug|Any CPU
		{2A797316-2F28-45E4-8C29-C1EFAA8AAD53}.Release|Any CPU.ActiveCfg = Release|Any CPU
		{2A797316-2F28-45E4-8C29-C1EFAA8AAD53}.Release|Any CPU.Build.0 = Release|Any CPU
	EndGlobalSection
	GlobalSection(SolutionProperties) = preSolution
		HideSolutionNode = FALSE
	EndGlobalSection
	GlobalSection(ExtensibilityGlobals) = postSolution
		SolutionGuid = {A2EA8098-46BD-4F7A-B073-FAC54B386053}
	EndGlobalSection
EndGlobal
